
Microsoft Visual Studio Solution File, Format Version 12.00
# Visual Studio Version 17
VisualStudioVersion = 17.0.31903.59
MinimumVisualStudioVersion = 10.0.40219.1
Project("{FAE04EC0-301F-11D3-BF4B-00C04F79EFBC}") = "Mixocracy.Core", "Mixocracy.Core\Mixocracy.Core.csproj", "{841C5433-B183-46AD-B478-35580B07C460}"
EndProject
Project("{FAE04EC0-301F-11D3-BF4B-00C04F79EFBC}") = "Mixocracy.Data", "Mixocracy.Data\Mixocracy.Data.csproj", "{D67EF288-85F5-402F-AB4F-C457B55F5FA7}"
EndProject
Project("{FAE04EC0-301F-11D3-BF4B-00C04F79EFBC}") = "Mixocracy.Tests", "Mixocracy.Tests\Mixocracy.Tests.csproj", "{EE0136D4-8ED0-4AD9-803A-BF8A17BAD709}"
EndProject
Project("{FAE04EC0-301F-11D3-BF4B-00C04F79EFBC}") = "Mixocracy.Web", "Mixocracy.Web\Mixocracy.Web.csproj", "{7B4F3B10-1BAC-4FA6-AA8A-E9EA039C3907}"
EndProject
Global
	GlobalSection(SolutionConfigurationPlatforms) = preSolution
		Debug|Any CPU = Debug|Any CPU
		Release|Any CPU = Release|Any CPU
	EndGlobalSection
	GlobalSection(SolutionProperties) = preSolution
		HideSolutionNode = FALSE
	EndGlobalSection
	GlobalSection(ProjectConfigurationPlatforms) = postSolution
		{841C5433-B183-46AD-B478-35580B07C460}.Debug|Any CPU.ActiveCfg = Debug|Any CPU
		{841C5433-B183-46AD-B478-35580B07C460}.Debug|Any CPU.Build.0 = Debug|Any CPU
		{841C5433-B183-46AD-B478-35580B07C460}.Release|Any CPU.ActiveCfg = Release|Any CPU
		{841C5433-B183-46AD-B478-35580B07C460}.Release|Any CPU.Build.0 = Release|Any CPU
		{D67EF288-85F5-402F-AB4F-C457B55F5FA7}.Debug|Any CPU.ActiveCfg = Debug|Any CPU
		{D67EF288-85F5-402F-AB4F-C457B55F5FA7}.Debug|Any CPU.Build.0 = Debug|Any CPU
		{D67EF288-85F5-402F-AB4F-C457B55F5FA7}.Release|Any CPU.ActiveCfg = Release|Any CPU
		{D67EF288-85F5-402F-AB4F-C457B55F5FA7}.Release|Any CPU.Build.0 = Release|Any CPU
		{EE0136D4-8ED0-4AD9-803A-BF8A17BAD709}.Debug|Any CPU.ActiveCfg = Debug|Any CPU
		{EE0136D4-8ED0-4AD9-803A-BF8A17BAD709}.Debug|Any CPU.Build.0 = Debug|Any CPU
		{EE0136D4-8ED0-4AD9-803A-BF8A17BAD709}.Release|Any CPU.ActiveCfg = Release|Any CPU
		{EE0136D4-8ED0-4AD9-803A-BF8A17BAD709}.Release|Any CPU.Build.0 = Release|Any CPU
		{7B4F3B10-1BAC-4FA6-AA8A-E9EA039C3907}.Debug|Any CPU.ActiveCfg = Debug|Any CPU
		{7B4F3B10-1BAC-4FA6-AA8A-E9EA039C3907}.Debug|Any CPU.Build.0 = Debug|Any CPU
		{7B4F3B10-1BAC-4FA6-AA8A-E9EA039C3907}.Release|Any CPU.ActiveCfg = Release|Any CPU
		{7B4F3B10-1BAC-4FA6-AA8A-E9EA039C3907}.Release|Any CPU.Build.0 = Release|Any CPU
	EndGlobalSection
EndGlobal
